{
  "originHash" : "5d75602b6dbcb9da644c2c257015014ea90670a78c1b8841280d42d3b9cb5649",
  "pins" : [
    {
      "identity" : "mycrocastswiftsdk",
      "kind" : "remoteSourceControl",
      "location" : "https://github.com/mycrocast/mycrocastSwiftSDK",
      "state" : {
        "revision" : "814fad65e2f673aba1f8de501fd73c0a2273434b",
        "version" : "1.35.0"
      }
    }
  ],
  "version" : 3
}
