{
  "pins" : [
    {
      "identity" : "mycrocastswiftsdk",
      "kind" : "remoteSourceControl",
      "location" : "https://github.com/mycrocast/mycrocastSwiftSDK",
      "state" : {
        "revision" : "a07d4910df76c791c74e2d32a536e1ffe4076f12",
        "version" : "1.31.0"
      }
    }
  ],
  "version" : 2
}
